
Microsoft Visual Studio Solution File, Format Version 12.00
# Visual Studio Version 17
VisualStudioVersion = 17.0.32112.339
MinimumVisualStudioVersion = 10.0.40219.1
Project("{FAE04EC0-301F-11D3-BF4B-00C04F79EFBC}") = "ReactInMvcCoreDemo", "ReactInMvcCoreDemo.csproj", "{7BFE8E14-2196-46F0-A379-1E803E13292B}"
EndProject
Global
	GlobalSection(SolutionConfigurationPlatforms) = preSolution
		Debug|Any CPU = Debug|Any CPU
		Release|Any CPU = Release|Any CPU
	EndGlobalSection
	GlobalSection(ProjectConfigurationPlatforms) = postSolution
		{7BFE8E14-2196-46F0-A379-1E803E13292B}.Debug|Any CPU.ActiveCfg = Debug|Any CPU
		{7BFE8E14-2196-46F0-A379-1E803E13292B}.Debug|Any CPU.Build.0 = Debug|Any CPU
		{7BFE8E14-2196-46F0-A379-1E803E13292B}.Release|Any CPU.ActiveCfg = Release|Any CPU
		{7BFE8E14-2196-46F0-A379-1E803E13292B}.Release|Any CPU.Build.0 = Release|Any CPU
	EndGlobalSection
	GlobalSection(SolutionProperties) = preSolution
		HideSolutionNode = FALSE
	EndGlobalSection
	GlobalSection(ExtensibilityGlobals) = postSolution
		SolutionGuid = {9BB3AE27-1DE5-4155-9439-CED763BD55AC}
	EndGlobalSection
EndGlobal
